# This file is automatically @generated by Cargo.
# It is not intended for manual editing.
version = 4

[[package]]
name = "certificate_generation"
version = "0.1.0"
dependencies = [
 "multiplicity_state_binding",
 "obligation_management",
 "prime_state_binding",
 "recursion_runtime_binding",
 "runtime_state_snapshot",
 "tensor_runtime_binding",
]

[[package]]
name = "chain_complex_shape"
version = "0.1.0"
dependencies = [
 "gap_tensor_core",
 "gap_tensor_shape",
]

[[package]]
name = "chain_complex_types"
version = "0.1.0"
dependencies = [
 "chain_complex_shape",
 "gap_tensor_core",
]

[[package]]
name = "counterexample_harness"
version = "0.1.0"
dependencies = [
 "cross_layer_invariants",
 "cross_layer_types",
 "prime_gap_correspondence",
 "rust_lean_correspondence",
 "tensor_homology_correspondence",
 "tor_spectrum_correspondence",
]

[[package]]
name = "cross_layer_invariants"
version = "0.1.0"
dependencies = [
 "cross_layer_types",
 "gap_constraint_satisfaction",
 "gap_tensor_invariants",
 "multiplicity_arena_layout",
 "resolution_certification",
 "runtime_invariant_checking",
]

[[package]]
name = "cross_layer_lemmas_library"
version = "0.1.0"
dependencies = [
 "gap_lemmas_library",
 "homological_lemmas_library",
 "krull_lemmas_library",
 "memory_lemmas_library",
 "recursion_lemmas_library",
 "tor_resolution_lemmas_library",
 "type_checking_interface",
]

[[package]]
name = "cross_layer_types"
version = "0.1.0"
dependencies = [
 "chain_complex_shape",
 "gap_tensor_core",
 "ideal_interface",
 "multiplicity_arena_core",
 "prime_predicate",
 "recursive_solver_state",
 "runtime_state_snapshot",
 "tor_functor_definition",
]

[[package]]
name = "derived_homology"
version = "0.1.0"
dependencies = [
 "homology_computation",
 "resolution_tensored",
 "tensor_product_module",
 "tor_functor_definition",
]

[[package]]
name = "differential_operator"
version = "0.1.0"
dependencies = [
 "chain_complex_shape",
 "chain_complex_types",
]

[[package]]
name = "differential_squared_zero"
version = "0.1.0"
dependencies = [
 "differential_operator",
]

[[package]]
name = "dimension_upper_bounds"
version = "0.1.0"
dependencies = [
 "krull_dimension_definition",
]

[[package]]
name = "end_to_end_trace_verification"
version = "0.1.0"
dependencies = [
 "certificate_generation",
 "runtime_bridge_tests_integration",
 "runtime_state_snapshot",
 "rust_lean_correspondence",
 "trace_recording_runtime",
]

[[package]]
name = "exactness_predicate"
version = "0.1.0"
dependencies = [
 "differential_operator",
 "differential_squared_zero",
 "homology_computation",
]

[[package]]
name = "final_certification_report"
version = "0.1.0"
dependencies = [
 "counterexample_harness",
 "cross_layer_invariants",
 "cross_layer_types",
 "end_to_end_trace_verification",
 "full_regression_test_suite",
 "lean_obligation_aggregator",
 "prime_gap_correspondence",
 "rust_lean_correspondence",
 "tensor_homology_correspondence",
 "tor_spectrum_correspondence",
 "type_checking_interface",
]

[[package]]
name = "full_regression_test_suite"
version = "0.1.0"
dependencies = [
 "certificate_generation",
 "chain_complex_shape",
 "chain_complex_types",
 "cross_layer_lemmas_library",
 "derived_homology",
 "differential_operator",
 "differential_squared_zero",
 "dimension_upper_bounds",
 "exactness_predicate",
 "functoriality_of_tor",
 "gap_absolute_difference",
 "gap_candidate_set",
 "gap_constraint_satisfaction",
 "gap_lemmas_library",
 "gap_multiplicity",
 "gap_ordering",
 "gap_tensor_arithmetic",
 "gap_tensor_core",
 "gap_tensor_equality",
 "gap_tensor_invariants",
 "gap_tensor_ordering",
 "gap_tensor_primes",
 "gap_tensor_serialization",
 "gap_tensor_shape",
 "gap_tensor_spectral",
 "gap_tensor_trace",
 "gap_verification",
 "homological_lemmas_library",
 "homological_tests_integration",
 "homology_computation",
 "ideal_interface",
 "krull_certification",
 "krull_dimension_definition",
 "krull_lemmas_library",
 "krull_spectrum_tests_integration",
 "lean_obligation_aggregator",
 "maximal_ideal_predicate",
 "memory_lemmas_library",
 "multiplicity_arena_allocation",
 "multiplicity_arena_core",
 "multiplicity_arena_deallocation",
 "multiplicity_arena_failure_handling",
 "multiplicity_arena_initialization",
 "multiplicity_arena_layout",
 "multiplicity_arena_ownership",
 "multiplicity_arena_pointers",
 "multiplicity_arena_statistics",
 "multiplicity_arena_tests_integration",
 "multiplicity_state_binding",
 "obligation_management",
 "prime_enumeration",
 "prime_gap_relationship",
 "prime_gap_tests_integration",
 "prime_ideal_predicate",
 "prime_predicate",
 "prime_state_binding",
 "projective_module_definition",
 "projective_resolution",
 "recursion_backtracking",
 "recursion_base_case",
 "recursion_contradiction_detection",
 "recursion_depth_management",
 "recursion_lemmas_library",
 "recursion_runtime_binding",
 "recursion_solution_path",
 "recursive_solver_cursor",
 "recursive_solver_selection",
 "recursive_solver_state",
 "recursive_solver_trace",
 "recursive_solver_transition",
 "resolution_certification",
 "resolution_tensored",
 "rollback_mechanism",
 "runtime_bridge_tests_integration",
 "runtime_invariant_checking",
 "runtime_state_snapshot",
 "spectrum_chains",
 "spectrum_definition",
 "spectrum_order",
 "tensor_product_module",
 "tensor_runtime_binding",
 "tor_chain_complex_interface",
 "tor_functor_definition",
 "tor_higher_degrees",
 "tor_invariants_computation",
 "tor_resolution_lemmas_library",
 "tor_tests_integration",
 "tor_zero_structure",
 "trace_recording_runtime",
 "type_checking_interface",
]

[[package]]
name = "functoriality_of_tor"
version = "0.1.0"
dependencies = [
 "derived_homology",
 "tor_functor_definition",
]

[[package]]
name = "gap_absolute_difference"
version = "0.1.0"
dependencies = [
 "gap_candidate_set",
 "gap_ordering",
]

[[package]]
name = "gap_candidate_set"
version = "0.1.0"
dependencies = [
 "prime_enumeration",
]

[[package]]
name = "gap_constraint_satisfaction"
version = "0.1.0"
dependencies = [
 "gap_absolute_difference",
]

[[package]]
name = "gap_lemmas_library"
version = "0.1.0"
dependencies = [
 "gap_candidate_set",
 "gap_verification",
 "prime_enumeration",
 "prime_gap_relationship",
 "prime_predicate",
 "type_checking_interface",
]

[[package]]
name = "gap_multiplicity"
version = "0.1.0"
dependencies = [
 "gap_candidate_set",
 "gap_ordering",
]

[[package]]
name = "gap_ordering"
version = "0.1.0"
dependencies = [
 "gap_candidate_set",
]

[[package]]
name = "gap_tensor_arithmetic"
version = "0.1.0"
dependencies = [
 "gap_tensor_core",
 "gap_tensor_shape",
]

[[package]]
name = "gap_tensor_core"
version = "0.1.0"

[[package]]
name = "gap_tensor_equality"
version = "0.1.0"
dependencies = [
 "gap_tensor_core",
 "gap_tensor_shape",
]

[[package]]
name = "gap_tensor_invariants"
version = "0.1.0"
dependencies = [
 "gap_tensor_core",
 "gap_tensor_primes",
 "gap_tensor_shape",
]

[[package]]
name = "gap_tensor_ordering"
version = "0.1.0"
dependencies = [
 "gap_tensor_core",
 "gap_tensor_equality",
]

[[package]]
name = "gap_tensor_primes"
version = "0.1.0"
dependencies = [
 "gap_tensor_core",
]

[[package]]
name = "gap_tensor_serialization"
version = "0.1.0"
dependencies = [
 "gap_tensor_core",
 "gap_tensor_equality",
 "gap_tensor_shape",
]

[[package]]
name = "gap_tensor_shape"
version = "0.1.0"
dependencies = [
 "gap_tensor_core",
]

[[package]]
name = "gap_tensor_spectral"
version = "0.1.0"
dependencies = [
 "gap_tensor_core",
 "gap_tensor_primes",
]

[[package]]
name = "gap_tensor_trace"
version = "0.1.0"
dependencies = [
 "gap_tensor_core",
 "gap_tensor_equality",
 "gap_tensor_serialization",
]

[[package]]
name = "gap_verification"
version = "0.1.0"
dependencies = [
 "gap_candidate_set",
 "gap_constraint_satisfaction",
]

[[package]]
name = "homological_lemmas_library"
version = "0.1.0"
dependencies = [
 "differential_operator",
 "differential_squared_zero",
 "exactness_predicate",
 "homology_computation",
 "resolution_certification",
 "type_checking_interface",
]

[[package]]
name = "homological_tests_integration"
version = "0.1.0"
dependencies = [
 "chain_complex_shape",
 "chain_complex_types",
 "differential_operator",
 "differential_squared_zero",
 "exactness_predicate",
 "homology_computation",
 "projective_module_definition",
 "projective_resolution",
 "resolution_certification",
]

[[package]]
name = "homology_computation"
version = "0.1.0"
dependencies = [
 "chain_complex_shape",
 "differential_operator",
 "differential_squared_zero",
]

[[package]]
name = "ideal_interface"
version = "0.1.0"
dependencies = [
 "gap_tensor_core",
]

[[package]]
name = "krull_certification"
version = "0.1.0"
dependencies = [
 "dimension_upper_bounds",
 "gap_tensor_trace",
 "krull_dimension_definition",
 "spectrum_chains",
 "spectrum_definition",
 "spectrum_order",
]

[[package]]
name = "krull_dimension_definition"
version = "0.1.0"
dependencies = [
 "spectrum_chains",
 "spectrum_definition",
 "spectrum_order",
]

[[package]]
name = "krull_lemmas_library"
version = "0.1.0"
dependencies = [
 "dimension_upper_bounds",
 "krull_certification",
 "krull_dimension_definition",
 "spectrum_definition",
 "type_checking_interface",
]

[[package]]
name = "krull_spectrum_tests_integration"
version = "0.1.0"
dependencies = [
 "dimension_upper_bounds",
 "ideal_interface",
 "krull_certification",
 "krull_dimension_definition",
 "maximal_ideal_predicate",
 "prime_ideal_predicate",
 "spectrum_chains",
 "spectrum_definition",
 "spectrum_order",
]

[[package]]
name = "lean_obligation_aggregator"
version = "0.1.0"
dependencies = [
 "cross_layer_lemmas_library",
 "gap_lemmas_library",
 "homological_lemmas_library",
 "krull_lemmas_library",
 "memory_lemmas_library",
 "obligation_management",
 "recursion_lemmas_library",
 "tor_resolution_lemmas_library",
 "type_checking_interface",
]

[[package]]
name = "maximal_ideal_predicate"
version = "0.1.0"
dependencies = [
 "ideal_interface",
 "prime_ideal_predicate",
]

[[package]]
name = "memory_lemmas_library"
version = "0.1.0"
dependencies = [
 "multiplicity_arena_allocation",
 "multiplicity_arena_core",
 "multiplicity_arena_layout",
 "type_checking_interface",
]

[[package]]
name = "multiplicity_arena_allocation"
version = "0.1.0"
dependencies = [
 "multiplicity_arena_core",
 "multiplicity_arena_layout",
 "multiplicity_arena_pointers",
]

[[package]]
name = "multiplicity_arena_core"
version = "0.1.0"
dependencies = [
 "gap_tensor_core",
 "gap_tensor_shape",
]

[[package]]
name = "multiplicity_arena_deallocation"
version = "0.1.0"
dependencies = [
 "multiplicity_arena_core",
 "multiplicity_arena_layout",
 "multiplicity_arena_ownership",
]

[[package]]
name = "multiplicity_arena_failure_handling"
version = "0.1.0"
dependencies = [
 "gap_tensor_trace",
 "multiplicity_arena_core",
 "multiplicity_arena_layout",
]

[[package]]
name = "multiplicity_arena_initialization"
version = "0.1.0"
dependencies = [
 "multiplicity_arena_core",
 "multiplicity_arena_layout",
]

[[package]]
name = "multiplicity_arena_layout"
version = "0.1.0"
dependencies = [
 "gap_tensor_core",
 "gap_tensor_shape",
 "multiplicity_arena_core",
]

[[package]]
name = "multiplicity_arena_ownership"
version = "0.1.0"
dependencies = [
 "multiplicity_arena_core",
 "multiplicity_arena_pointers",
]

[[package]]
name = "multiplicity_arena_pointers"
version = "0.1.0"
dependencies = [
 "gap_tensor_ordering",
 "multiplicity_arena_core",
 "multiplicity_arena_layout",
]

[[package]]
name = "multiplicity_arena_statistics"
version = "0.1.0"
dependencies = [
 "multiplicity_arena_allocation",
 "multiplicity_arena_core",
]

[[package]]
name = "multiplicity_arena_tests_integration"
version = "0.1.0"
dependencies = [
 "multiplicity_arena_allocation",
 "multiplicity_arena_core",
 "multiplicity_arena_deallocation",
 "multiplicity_arena_failure_handling",
 "multiplicity_arena_initialization",
 "multiplicity_arena_layout",
 "multiplicity_arena_ownership",
 "multiplicity_arena_pointers",
]

[[package]]
name = "multiplicity_state_binding"
version = "0.1.0"
dependencies = [
 "multiplicity_arena_core",
 "multiplicity_arena_layout",
 "runtime_state_snapshot",
]

[[package]]
name = "obligation_management"
version = "0.1.0"
dependencies = [
 "gap_tensor_trace",
 "type_checking_interface",
]

[[package]]
name = "prime_enumeration"
version = "0.1.0"
dependencies = [
 "prime_predicate",
]

[[package]]
name = "prime_gap_correspondence"
version = "0.1.0"
dependencies = [
 "cross_layer_types",
 "gap_candidate_set",
 "prime_enumeration",
 "prime_gap_relationship",
]

[[package]]
name = "prime_gap_relationship"
version = "0.1.0"
dependencies = [
 "gap_candidate_set",
 "prime_enumeration",
 "prime_predicate",
]

[[package]]
name = "prime_gap_tests_integration"
version = "0.1.0"
dependencies = [
 "gap_absolute_difference",
 "gap_candidate_set",
 "gap_constraint_satisfaction",
 "gap_multiplicity",
 "gap_ordering",
 "gap_verification",
 "prime_enumeration",
 "prime_gap_relationship",
 "prime_predicate",
]

[[package]]
name = "prime_ideal_predicate"
version = "0.1.0"
dependencies = [
 "ideal_interface",
]

[[package]]
name = "prime_predicate"
version = "0.1.0"
dependencies = [
 "gap_tensor_core",
]

[[package]]
name = "prime_state_binding"
version = "0.1.0"
dependencies = [
 "gap_candidate_set",
 "gap_ordering",
 "prime_predicate",
 "runtime_state_snapshot",
]

[[package]]
name = "projective_module_definition"
version = "0.1.0"
dependencies = [
 "chain_complex_shape",
 "chain_complex_types",
]

[[package]]
name = "projective_resolution"
version = "0.1.0"
dependencies = [
 "chain_complex_shape",
 "chain_complex_types",
 "differential_squared_zero",
 "projective_module_definition",
]

[[package]]
name = "recursion_backtracking"
version = "0.1.0"
dependencies = [
 "recursion_depth_management",
 "recursive_solver_state",
 "recursive_solver_transition",
]

[[package]]
name = "recursion_base_case"
version = "0.1.0"
dependencies = [
 "gap_candidate_set",
 "prime_enumeration",
 "prime_gap_relationship",
 "recursive_solver_state",
]

[[package]]
name = "recursion_contradiction_detection"
version = "0.1.0"
dependencies = [
 "gap_constraint_satisfaction",
 "recursive_solver_cursor",
 "recursive_solver_state",
]

[[package]]
name = "recursion_depth_management"
version = "0.1.0"
dependencies = [
 "recursive_solver_state",
]

[[package]]
name = "recursion_lemmas_library"
version = "0.1.0"
dependencies = [
 "recursion_backtracking",
 "recursion_base_case",
 "recursion_depth_management",
 "recursive_solver_state",
 "type_checking_interface",
]

[[package]]
name = "recursion_runtime_binding"
version = "0.1.0"
dependencies = [
 "recursion_depth_management",
 "recursive_solver_state",
 "runtime_state_snapshot",
]

[[package]]
name = "recursion_solution_path"
version = "0.1.0"
dependencies = [
 "gap_tensor_trace",
 "recursive_solver_selection",
 "recursive_solver_state",
 "recursive_solver_transition",
]

[[package]]
name = "recursive_solver_cursor"
version = "0.1.0"
dependencies = [
 "gap_candidate_set",
 "gap_ordering",
 "recursive_solver_state",
]

[[package]]
name = "recursive_solver_selection"
version = "0.1.0"
dependencies = [
 "gap_absolute_difference",
 "gap_candidate_set",
 "gap_multiplicity",
 "gap_ordering",
 "recursive_solver_cursor",
]

[[package]]
name = "recursive_solver_state"
version = "0.1.0"
dependencies = [
 "gap_tensor_core",
 "gap_tensor_trace",
]

[[package]]
name = "recursive_solver_trace"
version = "0.1.0"
dependencies = [
 "gap_tensor_trace",
 "recursion_solution_path",
 "recursive_solver_state",
 "recursive_solver_transition",
]

[[package]]
name = "recursive_solver_transition"
version = "0.1.0"
dependencies = [
 "gap_constraint_satisfaction",
 "recursion_depth_management",
 "recursive_solver_cursor",
 "recursive_solver_state",
]

[[package]]
name = "resolution_certification"
version = "0.1.0"
dependencies = [
 "differential_squared_zero",
 "exactness_predicate",
 "homology_computation",
 "projective_resolution",
]

[[package]]
name = "resolution_tensored"
version = "0.1.0"
dependencies = [
 "differential_operator",
 "differential_squared_zero",
 "tensor_product_module",
]

[[package]]
name = "rollback_mechanism"
version = "0.1.0"
dependencies = [
 "runtime_invariant_checking",
 "runtime_state_snapshot",
]

[[package]]
name = "runtime_bridge_tests_integration"
version = "0.1.0"
dependencies = [
 "certificate_generation",
 "multiplicity_state_binding",
 "prime_state_binding",
 "recursion_runtime_binding",
 "rollback_mechanism",
 "runtime_invariant_checking",
 "runtime_state_snapshot",
 "tensor_runtime_binding",
 "trace_recording_runtime",
]

[[package]]
name = "runtime_invariant_checking"
version = "0.1.0"
dependencies = [
 "gap_tensor_invariants",
 "multiplicity_state_binding",
 "prime_state_binding",
 "recursion_runtime_binding",
 "runtime_state_snapshot",
 "tensor_runtime_binding",
]

[[package]]
name = "runtime_state_snapshot"
version = "0.1.0"
dependencies = [
 "gap_tensor_core",
 "gap_tensor_invariants",
 "gap_tensor_trace",
]

[[package]]
name = "rust_lean_correspondence"
version = "0.1.0"
dependencies = [
 "certificate_generation",
 "cross_layer_types",
 "multiplicity_state_binding",
 "prime_state_binding",
 "recursion_runtime_binding",
 "tensor_runtime_binding",
 "type_checking_interface",
]

[[package]]
name = "spectrum_chains"
version = "0.1.0"
dependencies = [
 "spectrum_definition",
 "spectrum_order",
]

[[package]]
name = "spectrum_definition"
version = "0.1.0"
dependencies = [
 "ideal_interface",
 "prime_ideal_predicate",
]

[[package]]
name = "spectrum_order"
version = "0.1.0"
dependencies = [
 "gap_tensor_ordering",
 "spectrum_definition",
]

[[package]]
name = "tensor_homology_correspondence"
version = "0.1.0"
dependencies = [
 "chain_complex_types",
 "cross_layer_types",
 "homology_computation",
]

[[package]]
name = "tensor_product_module"
version = "0.1.0"
dependencies = [
 "chain_complex_shape",
 "chain_complex_types",
]

[[package]]
name = "tensor_runtime_binding"
version = "0.1.0"
dependencies = [
 "gap_tensor_core",
 "gap_tensor_primes",
 "gap_tensor_trace",
 "runtime_state_snapshot",
]

[[package]]
name = "tor_chain_complex_interface"
version = "0.1.0"
dependencies = [
 "derived_homology",
 "projective_resolution",
 "tor_functor_definition",
 "tor_invariants_computation",
]

[[package]]
name = "tor_functor_definition"
version = "0.1.0"
dependencies = [
 "chain_complex_shape",
 "differential_squared_zero",
 "homology_computation",
 "projective_resolution",
]

[[package]]
name = "tor_higher_degrees"
version = "0.1.0"
dependencies = [
 "derived_homology",
 "tor_functor_definition",
]

[[package]]
name = "tor_invariants_computation"
version = "0.1.0"
dependencies = [
 "chain_complex_types",
 "derived_homology",
 "tor_functor_definition",
]

[[package]]
name = "tor_resolution_lemmas_library"
version = "0.1.0"
dependencies = [
 "derived_homology",
 "functoriality_of_tor",
 "tor_functor_definition",
 "tor_higher_degrees",
 "tor_zero_structure",
 "type_checking_interface",
]

[[package]]
name = "tor_spectrum_correspondence"
version = "0.1.0"
dependencies = [
 "cross_layer_types",
 "derived_homology",
 "dimension_upper_bounds",
 "tor_invariants_computation",
]

[[package]]
name = "tor_tests_integration"
version = "0.1.0"
dependencies = [
 "derived_homology",
 "functoriality_of_tor",
 "resolution_tensored",
 "tensor_product_module",
 "tor_chain_complex_interface",
 "tor_functor_definition",
 "tor_higher_degrees",
 "tor_invariants_computation",
 "tor_zero_structure",
]

[[package]]
name = "tor_zero_structure"
version = "0.1.0"
dependencies = [
 "derived_homology",
 "tensor_product_module",
 "tor_functor_definition",
]

[[package]]
name = "trace_recording_runtime"
version = "0.1.0"
dependencies = [
 "certificate_generation",
 "gap_tensor_trace",
 "runtime_state_snapshot",
]

[[package]]
name = "type_checking_interface"
version = "0.1.0"
dependencies = [
 "gap_tensor_core",
 "gap_tensor_spectral",
]
